
Microsoft Visual Studio Solution File, Format Version 12.00
# Visual Studio Version 17
VisualStudioVersion = 17.2.32630.192
MinimumVisualStudioVersion = 10.0.40219.1
Project("{9A19103F-16F7-4668-BE54-9A1E7A4F7556}") = "ConcurrentCollections.PlaceOrders", "ConcurrentCollections.PlaceOrders\ConcurrentCollections.PlaceOrders.csproj", "{2D215BFA-143C-4683-935D-3CAF22548F88}"
EndProject
Project("{9A19103F-16F7-4668-BE54-9A1E7A4F7556}") = "ConcurrentCollections.BuyAndSell", "ConcurrentCollections.BuyAndSell\ConcurrentCollections.BuyAndSell.csproj", "{0F441132-5776-43A0-9957-9C5EFDD6BE43}"
EndProject
Project("{9A19103F-16F7-4668-BE54-9A1E7A4F7556}") = "ConcurrentCollections.DictionaryPerformance", "ConcurrentCollections.DictionaryPerformance\ConcurrentCollections.DictionaryPerformance.csproj", "{ABDE19C9-14AD-4E98-9C1E-CBC82CA93984}"
EndProject
Project("{9A19103F-16F7-4668-BE54-9A1E7A4F7556}") = "ConcurrentCollections.EnumerateDictionary", "ConcurrentCollections.EnumerateDictionary\ConcurrentCollections.EnumerateDictionary.csproj", "{5BAD46F4-3115-4713-806C-2CD79A5250E9}"
EndProject
Project("{9A19103F-16F7-4668-BE54-9A1E7A4F7556}") = "ConcurrentCollections.SellShirts", "ConcurrentColls.SellShirts\ConcurrentCollections.SellShirts.csproj", "{D27F070B-4ACF-44B6-B251-26ABDE3AD77F}"
EndProject
Global
	GlobalSection(SolutionConfigurationPlatforms) = preSolution
		Debug|Any CPU = Debug|Any CPU
		Release|Any CPU = Release|Any CPU
	EndGlobalSection
	GlobalSection(ProjectConfigurationPlatforms) = postSolution
		{2D215BFA-143C-4683-935D-3CAF22548F88}.Debug|Any CPU.ActiveCfg = Debug|Any CPU
		{2D215BFA-143C-4683-935D-3CAF22548F88}.Debug|Any CPU.Build.0 = Debug|Any CPU
		{2D215BFA-143C-4683-935D-3CAF22548F88}.Release|Any CPU.ActiveCfg = Release|Any CPU
		{2D215BFA-143C-4683-935D-3CAF22548F88}.Release|Any CPU.Build.0 = Release|Any CPU
		{0F441132-5776-43A0-9957-9C5EFDD6BE43}.Debug|Any CPU.ActiveCfg = Debug|Any CPU
		{0F441132-5776-43A0-9957-9C5EFDD6BE43}.Debug|Any CPU.Build.0 = Debug|Any CPU
		{0F441132-5776-43A0-9957-9C5EFDD6BE43}.Release|Any CPU.ActiveCfg = Release|Any CPU
		{0F441132-5776-43A0-9957-9C5EFDD6BE43}.Release|Any CPU.Build.0 = Release|Any CPU
		{ABDE19C9-14AD-4E98-9C1E-CBC82CA93984}.Debug|Any CPU.ActiveCfg = Debug|Any CPU
		{ABDE19C9-14AD-4E98-9C1E-CBC82CA93984}.Debug|Any CPU.Build.0 = Debug|Any CPU
		{ABDE19C9-14AD-4E98-9C1E-CBC82CA93984}.Release|Any CPU.ActiveCfg = Release|Any CPU
		{ABDE19C9-14AD-4E98-9C1E-CBC82CA93984}.Release|Any CPU.Build.0 = Release|Any CPU
		{5BAD46F4-3115-4713-806C-2CD79A5250E9}.Debug|Any CPU.ActiveCfg = Debug|Any CPU
		{5BAD46F4-3115-4713-806C-2CD79A5250E9}.Debug|Any CPU.Build.0 = Debug|Any CPU
		{5BAD46F4-3115-4713-806C-2CD79A5250E9}.Release|Any CPU.ActiveCfg = Release|Any CPU
		{5BAD46F4-3115-4713-806C-2CD79A5250E9}.Release|Any CPU.Build.0 = Release|Any CPU
		{D27F070B-4ACF-44B6-B251-26ABDE3AD77F}.Debug|Any CPU.ActiveCfg = Debug|Any CPU
		{D27F070B-4ACF-44B6-B251-26ABDE3AD77F}.Debug|Any CPU.Build.0 = Debug|Any CPU
		{D27F070B-4ACF-44B6-B251-26ABDE3AD77F}.Release|Any CPU.ActiveCfg = Release|Any CPU
		{D27F070B-4ACF-44B6-B251-26ABDE3AD77F}.Release|Any CPU.Build.0 = Release|Any CPU
	EndGlobalSection
	GlobalSection(SolutionProperties) = preSolution
		HideSolutionNode = FALSE
	EndGlobalSection
	GlobalSection(ExtensibilityGlobals) = postSolution
		SolutionGuid = {2623032D-AAB3-473E-9CE2-0A0B532EF382}
	EndGlobalSection
EndGlobal
